// !$*UTF8*$!
{
	archiveVersion = 1;
	classes = {
	};
	objectVersion = 56;
	objects = {

/* Begin PBXBuildFile section */
		6D8E35F329A37CB10057D45F /* AppDelegate.swift in Sources */ = {isa = PBXBuildFile; fileRef = 6D8E35F229A37CB10057D45F /* AppDelegate.swift */; };
		6D8E35F529A37CB10057D45F /* SceneDelegate.swift in Sources */ = {isa = PBXBuildFile; fileRef = 6D8E35F429A37CB10057D45F /* SceneDelegate.swift */; };
		6D8E35F729A37CB10057D45F /* ViewController.swift in Sources */ = {isa = PBXBuildFile; fileRef = 6D8E35F629A37CB10057D45F /* ViewController.swift */; };
		6D8E35FA29A37CB10057D45F /* Main.storyboard in Resources */ = {isa = PBXBuildFile; fileRef = 6D8E35F829A37CB10057D45F /* Main.storyboard */; };
		6D8E35FC29A37CB20057D45F /* Assets.xcassets in Resources */ = {isa = PBXBuildFile; fileRef = 6D8E35FB29A37CB20057D45F /* Assets.xcassets */; };
		6D8E35FF29A37CB20057D45F /* LaunchScreen.storyboard in Resources */ = {isa = PBXBuildFile; fileRef = 6D8E35FD29A37CB20057D45F /* LaunchScreen.storyboard */; };
		6D8E360A29A37CB20057D45F /* Git_githubDemoTests.swift in Sources */ = {isa = PBXBuildFile; fileRef = 6D8E360929A37CB20057D45F /* Git_githubDemoTests.swift */; };
		6D8E361429A37CB20057D45F /* Git_githubDemoUITests.swift in Sources */ = {isa = PBXBuildFile; fileRef = 6D8E361329A37CB20057D45F /* Git_githubDemoUITests.swift */; };
		6D8E361629A37CB20057D45F /* Git_githubDemoUITestsLaunchTests.swift in Sources */ = {isa = PBXBuildFile; fileRef = 6D8E361529A37CB20057D45F /* Git_githubDemoUITestsLaunchTests.swift */; };
/* End PBXBuildFile section */

/* Begin PBXContainerItemProxy section */
		6D8E360629A37CB20057D45F /* PBXContainerItemProxy */ = {
			isa = PBXContainerItemProxy;
			containerPortal = 6D8E35E729A37CB10057D45F /* Project object */;
			proxyType = 1;
			remoteGlobalIDString = 6D8E35EE29A37CB10057D45F;
			remoteInfo = "Git&githubDemo";
		};
		6D8E361029A37CB20057D45F /* PBXContainerItemProxy */ = {
			isa = PBXContainerItemProxy;
			containerPortal = 6D8E35E729A37CB10057D45F /* Project object */;
			proxyType = 1;
			remoteGlobalIDString = 6D8E35EE29A37CB10057D45F;
			remoteInfo = "Git&githubDemo";
		};
/* End PBXContainerItemProxy section */

/* Begin PBXFileReference section */
		6D8E35EF29A37CB10057D45F /* Git&githubDemo.app */ = {isa = PBXFileReference; explicitFileType = wrapper.application; includeInIndex = 0; path = "Git&githubDemo.app"; sourceTree = BUILT_PRODUCTS_DIR; };
		6D8E35F229A37CB10057D45F /* AppDelegate.swift */ = {isa = PBXFileReference; lastKnownFileType = sourcecode.swift; path = AppDelegate.swift; sourceTree = "<group>"; };
		6D8E35F429A37CB10057D45F /* SceneDelegate.swift */ = {isa = PBXFileReference; lastKnownFileType = sourcecode.swift; path = SceneDelegate.swift; sourceTree = "<group>"; };
		6D8E35F629A37CB10057D45F /* ViewController.swift */ = {isa = PBXFileReference; lastKnownFileType = sourcecode.swift; path = ViewController.swift; sourceTree = "<group>"; };
		6D8E35F929A37CB10057D45F /* Base */ = {isa = PBXFileReference; lastKnownFileType = file.storyboard; name = Base; path = Base.lproj/Main.storyboard; sourceTree = "<group>"; };
		6D8E35FB29A37CB20057D45F /* Assets.xcassets */ = {isa = PBXFileReference; lastKnownFileType = folder.assetcatalog; path = Assets.xcassets; sourceTree = "<group>"; };
		6D8E35FE29A37CB20057D45F /* Base */ = {isa = PBXFileReference; lastKnownFileType = file.storyboard; name = Base; path = Base.lproj/LaunchScreen.storyboard; sourceTree = "<group>"; };
		6D8E360029A37CB20057D45F /* Info.plist */ = {isa = PBXFileReference; lastKnownFileType = text.plist.xml; path = Info.plist; sourceTree = "<group>"; };
		6D8E360529A37CB20057D45F /* Git&githubDemoTests.xctest */ = {isa = PBXFileReference; explicitFileType = wrapper.cfbundle; includeInIndex = 0; path = "Git&githubDemoTests.xctest"; sourceTree = BUILT_PRODUCTS_DIR; };
		6D8E360929A37CB20057D45F /* Git_githubDemoTests.swift */ = {isa = PBXFileReference; lastKnownFileType = sourcecode.swift; path = Git_githubDemoTests.swift; sourceTree = "<group>"; };
		6D8E360F29A37CB20057D45F /* Git&githubDemoUITests.xctest */ = {isa = PBXFileReference; explicitFileType = wrapper.cfbundle; includeInIndex = 0; path = "Git&githubDemoUITests.xctest"; sourceTree = BUILT_PRODUCTS_DIR; };
		6D8E361329A37CB20057D45F /* Git_githubDemoUITests.swift */ = {isa = PBXFileReference; lastKnownFileType = sourcecode.swift; path = Git_githubDemoUITests.swift; sourceTree = "<group>"; };
		6D8E361529A37CB20057D45F /* Git_githubDemoUITestsLaunchTests.swift */ = {isa = PBXFileReference; lastKnownFileType = sourcecode.swift; path = Git_githubDemoUITestsLaunchTests.swift; sourceTree = "<group>"; };
/* End PBXFileReference section */

/* Begin PBXFrameworksBuildPhase section */
		6D8E35EC29A37CB10057D45F /* Frameworks */ = {
			isa = PBXFrameworksBuildPhase;
			buildActionMask = 2147483647;
			files = (
			);
			runOnlyForDeploymentPostprocessing = 0;
		};
		6D8E360229A37CB20057D45F /* Frameworks */ = {
			isa = PBXFrameworksBuildPhase;
			buildActionMask = 2147483647;
			files = (
			);
			runOnlyForDeploymentPostprocessing = 0;
		};
		6D8E360C29A37CB20057D45F /* Frameworks */ = {
			isa = PBXFrameworksBuildPhase;
			buildActionMask = 2147483647;
			files = (
			);
			runOnlyForDeploymentPostprocessing = 0;
		};
/* End PBXFrameworksBuildPhase section */

/* Begin PBXGroup section */
		6D8E35E629A37CB10057D45F = {
			isa = PBXGroup;
			children = (
				6D8E35F129A37CB10057D45F /* Git&githubDemo */,
				6D8E360829A37CB20057D45F /* Git&githubDemoTests */,
				6D8E361229A37CB20057D45F /* Git&githubDemoUITests */,
				6D8E35F029A37CB10057D45F /* Products */,
			);
			sourceTree = "<group>";
		};
		6D8E35F029A37CB10057D45F /* Products */ = {
			isa = PBXGroup;
			children = (
				6D8E35EF29A37CB10057D45F /* Git&githubDemo.app */,
				6D8E360529A37CB20057D45F /* Git&githubDemoTests.xctest */,
				6D8E360F29A37CB20057D45F /* Git&githubDemoUITests.xctest */,
			);
			name = Products;
			sourceTree = "<group>";
		};
		6D8E35F129A37CB10057D45F /* Git&githubDemo */ = {
			isa = PBXGroup;
			children = (
				6D8E35F229A37CB10057D45F /* AppDelegate.swift */,
				6D8E35F429A37CB10057D45F /* SceneDelegate.swift */,
				6D8E35F629A37CB10057D45F /* ViewController.swift */,
				6D8E35F829A37CB10057D45F /* Main.storyboard */,
				6D8E35FB29A37CB20057D45F /* Assets.xcassets */,
				6D8E35FD29A37CB20057D45F /* LaunchScreen.storyboard */,
				6D8E360029A37CB20057D45F /* Info.plist */,
			);
			path = "Git&githubDemo";
			sourceTree = "<group>";
		};
		6D8E360829A37CB20057D45F /* Git&githubDemoTests */ = {
			isa = PBXGroup;
			children = (
				6D8E360929A37CB20057D45F /* Git_githubDemoTests.swift */,
			);
			path = "Git&githubDemoTests";
			sourceTree = "<group>";
		};
		6D8E361229A37CB20057D45F /* Git&githubDemoUITests */ = {
			isa = PBXGroup;
			children = (
				6D8E361329A37CB20057D45F /* Git_githubDemoUITests.swift */,
				6D8E361529A37CB20057D45F /* Git_githubDemoUITestsLaunchTests.swift */,
			);
			path = "Git&githubDemoUITests";
			sourceTree = "<group>";
		};
/* End PBXGroup section */

/* Begin PBXNativeTarget section */
		6D8E35EE29A37CB10057D45F /* Git&githubDemo */ = {
			isa = PBXNativeTarget;
			buildConfigurationList = 6D8E361929A37CB20057D45F /* Build configuration list for PBXNativeTarget "Git&githubDemo" */;
			buildPhases = (
				6D8E35EB29A37CB10057D45F /* Sources */,
				6D8E35EC29A37CB10057D45F /* Frameworks */,
				6D8E35ED29A37CB10057D45F /* Resources */,
			);
			buildRules = (
			);
			dependencies = (
			);
			name = "Git&githubDemo";
			productName = "Git&githubDemo";
			productReference = 6D8E35EF29A37CB10057D45F /* Git&githubDemo.app */;
			productType = "com.apple.product-type.application";
		};
		6D8E360429A37CB20057D45F /* Git&githubDemoTests */ = {
			isa = PBXNativeTarget;
			buildConfigurationList = 6D8E361C29A37CB20057D45F /* Build configuration list for PBXNativeTarget "Git&githubDemoTests" */;
			buildPhases = (
				6D8E360129A37CB20057D45F /* Sources */,
				6D8E360229A37CB20057D45F /* Frameworks */,
				6D8E360329A37CB20057D45F /* Resources */,
			);
			buildRules = (
			);
			dependencies = (
				6D8E360729A37CB20057D45F /* PBXTargetDependency */,
			);
			name = "Git&githubDemoTests";
			productName = "Git&githubDemoTests";
			productReference = 6D8E360529A37CB20057D45F /* Git&githubDemoTests.xctest */;
			productType = "com.apple.product-type.bundle.unit-test";
		};
		6D8E360E29A37CB20057D45F /* Git&githubDemoUITests */ = {
			isa = PBXNativeTarget;
			buildConfigurationList = 6D8E361F29A37CB20057D45F /* Build configuration list for PBXNativeTarget "Git&githubDemoUITests" */;
			buildPhases = (
				6D8E360B29A37CB20057D45F /* Sources */,
				6D8E360C29A37CB20057D45F /* Frameworks */,
				6D8E360D29A37CB20057D45F /* Resources */,
			);
			buildRules = (
			);
			dependencies = (
				6D8E361129A37CB20057D45F /* PBXTargetDependency */,
			);
			name = "Git&githubDemoUITests";
			productName = "Git&githubDemoUITests";
			productReference = 6D8E360F29A37CB20057D45F /* Git&githubDemoUITests.xctest */;
			productType = "com.apple.product-type.bundle.ui-testing";
		};
/* End PBXNativeTarget section */

/* Begin PBXProject section */
		6D8E35E729A37CB10057D45F /* Project object */ = {
			isa = PBXProject;
			attributes = {
				BuildIndependentTargetsInParallel = 1;
				LastSwiftUpdateCheck = 1400;
				LastUpgradeCheck = 1400;
				TargetAttributes = {
					6D8E35EE29A37CB10057D45F = {
						CreatedOnToolsVersion = 14.0;
					};
					6D8E360429A37CB20057D45F = {
						CreatedOnToolsVersion = 14.0;
						TestTargetID = 6D8E35EE29A37CB10057D45F;
					};
					6D8E360E29A37CB20057D45F = {
						CreatedOnToolsVersion = 14.0;
						TestTargetID = 6D8E35EE29A37CB10057D45F;
					};
				};
			};
			buildConfigurationList = 6D8E35EA29A37CB10057D45F /* Build configuration list for PBXProject "Git&githubDemo" */;
			compatibilityVersion = "Xcode 14.0";
			developmentRegion = en;
			hasScannedForEncodings = 0;
			knownRegions = (
				en,
				Base,
			);
			mainGroup = 6D8E35E629A37CB10057D45F;
			productRefGroup = 6D8E35F029A37CB10057D45F /* Products */;
			projectDirPath = "";
			projectRoot = "";
			targets = (
				6D8E35EE29A37CB10057D45F /* Git&githubDemo */,
				6D8E360429A37CB20057D45F /* Git&githubDemoTests */,
				6D8E360E29A37CB20057D45F /* Git&githubDemoUITests */,
			);
		};
/* End PBXProject section */

/* Begin PBXResourcesBuildPhase section */
		6D8E35ED29A37CB10057D45F /* Resources */ = {
			isa = PBXResourcesBuildPhase;
			buildActionMask = 2147483647;
			files = (
				6D8E35FF29A37CB20057D45F /* LaunchScreen.storyboard in Resources */,
				6D8E35FC29A37CB20057D45F /* Assets.xcassets in Resources */,
				6D8E35FA29A37CB10057D45F /* Main.storyboard in Resources */,
			);
			runOnlyForDeploymentPostprocessing = 0;
		};
		6D8E360329A37CB20057D45F /* Resources */ = {
			isa = PBXResourcesBuildPhase;
			buildActionMask = 2147483647;
			files = (
			);
			runOnlyForDeploymentPostprocessing = 0;
		};
		6D8E360D29A37CB20057D45F /* Resources */ = {
			isa = PBXResourcesBuildPhase;
			buildActionMask = 2147483647;
			files = (
			);
			runOnlyForDeploymentPostprocessing = 0;
		};
/* End PBXResourcesBuildPhase section */

/* Begin PBXSourcesBuildPhase section */
		6D8E35EB29A37CB10057D45F /* Sources */ = {
			isa = PBXSourcesBuildPhase;
			buildActionMask = 2147483647;
			files = (
				6D8E35F729A37CB10057D45F /* ViewController.swift in Sources */,
				6D8E35F329A37CB10057D45F /* AppDelegate.swift in Sources */,
				6D8E35F529A37CB10057D45F /* SceneDelegate.swift in Sources */,
			);
			runOnlyForDeploymentPostprocessing = 0;
		};
		6D8E360129A37CB20057D45F /* Sources */ = {
			isa = PBXSourcesBuildPhase;
			buildActionMask = 2147483647;
			files = (
				6D8E360A29A37CB20057D45F /* Git_githubDemoTests.swift in Sources */,
			);
			runOnlyForDeploymentPostprocessing = 0;
		};
		6D8E360B29A37CB20057D45F /* Sources */ = {
			isa = PBXSourcesBuildPhase;
			buildActionMask = 2147483647;
			files = (
				6D8E361429A37CB20057D45F /* Git_githubDemoUITests.swift in Sources */,
				6D8E361629A37CB20057D45F /* Git_githubDemoUITestsLaunchTests.swift in Sources */,
			);
			runOnlyForDeploymentPostprocessing = 0;
		};
/* End PBXSourcesBuildPhase section */

/* Begin PBXTargetDependency section */
		6D8E360729A37CB20057D45F /* PBXTargetDependency */ = {
			isa = PBXTargetDependency;
			target = 6D8E35EE29A37CB10057D45F /* Git&githubDemo */;
			targetProxy = 6D8E360629A37CB20057D45F /* PBXContainerItemProxy */;
		};
		6D8E361129A37CB20057D45F /* PBXTargetDependency */ = {
			isa = PBXTargetDependency;
			target = 6D8E35EE29A37CB10057D45F /* Git&githubDemo */;
			targetProxy = 6D8E361029A37CB20057D45F /* PBXContainerItemProxy */;
		};
/* End PBXTargetDependency section */

/* Begin PBXVariantGroup section */
		6D8E35F829A37CB10057D45F /* Main.storyboard */ = {
			isa = PBXVariantGroup;
			children = (
				6D8E35F929A37CB10057D45F /* Base */,
			);
			name = Main.storyboard;
			sourceTree = "<group>";
		};
		6D8E35FD29A37CB20057D45F /* LaunchScreen.storyboard */ = {
			isa = PBXVariantGroup;
			children = (
				6D8E35FE29A37CB20057D45F /* Base */,
			);
			name = LaunchScreen.storyboard;
			sourceTree = "<group>";
		};
/* End PBXVariantGroup section */

/* Begin XCBuildConfiguration section */
		6D8E361729A37CB20057D45F /* Debug */ = {
			isa = XCBuildConfiguration;
			buildSettings = {
				ALWAYS_SEARCH_USER_PATHS = NO;
				CLANG_ANALYZER_NONNULL = YES;
				CLANG_ANALYZER_NUMBER_OBJECT_CONVERSION = YES_AGGRESSIVE;
				CLANG_CXX_LANGUAGE_STANDARD = "gnu++20";
				CLANG_ENABLE_MODULES = YES;
				CLANG_ENABLE_OBJC_ARC = YES;
				CLANG_ENABLE_OBJC_WEAK = YES;
				CLANG_WARN_BLOCK_CAPTURE_AUTORELEASING = YES;
				CLANG_WARN_BOOL_CONVERSION = YES;
				CLANG_WARN_COMMA = YES;
				CLANG_WARN_CONSTANT_CONVERSION = YES;
				CLANG_WARN_DEPRECATED_OBJC_IMPLEMENTATIONS = YES;
				CLANG_WARN_DIRECT_OBJC_ISA_USAGE = YES_ERROR;
				CLANG_WARN_DOCUMENTATION_COMMENTS = YES;
				CLANG_WARN_EMPTY_BODY = YES;
				CLANG_WARN_ENUM_CONVERSION = YES;
				CLANG_WARN_INFINITE_RECURSION = YES;
				CLANG_WARN_INT_CONVERSION = YES;
				CLANG_WARN_NON_LITERAL_NULL_CONVERSION = YES;
				CLANG_WARN_OBJC_IMPLICIT_RETAIN_SELF = YES;
				CLANG_WARN_OBJC_LITERAL_CONVERSION = YES;
				CLANG_WARN_OBJC_ROOT_CLASS = YES_ERROR;
				CLANG_WARN_QUOTED_INCLUDE_IN_FRAMEWORK_HEADER = YES;
				CLANG_WARN_RANGE_LOOP_ANALYSIS = YES;
				CLANG_WARN_STRICT_PROTOTYPES = YES;
				CLANG_WARN_SUSPICIOUS_MOVE = YES;
				CLANG_WARN_UNGUARDED_AVAILABILITY = YES_AGGRESSIVE;
				CLANG_WARN_UNREACHABLE_CODE = YES;
				CLANG_WARN__DUPLICATE_METHOD_MATCH = YES;
				COPY_PHASE_STRIP = NO;
				DEBUG_INFORMATION_FORMAT = dwarf;
				ENABLE_STRICT_OBJC_MSGSEND = YES;
				ENABLE_TESTABILITY = YES;
				GCC_C_LANGUAGE_STANDARD = gnu11;
				GCC_DYNAMIC_NO_PIC = NO;
				GCC_NO_COMMON_BLOCKS = YES;
				GCC_OPTIMIZATION_LEVEL = 0;
				GCC_PREPROCESSOR_DEFINITIONS = (
					"DEBUG=1",
					"$(inherited)",
				);
				GCC_WARN_64_TO_32_BIT_CONVERSION = YES;
				GCC_WARN_ABOUT_RETURN_TYPE = YES_ERROR;
				GCC_WARN_UNDECLARED_SELECTOR = YES;
				GCC_WARN_UNINITIALIZED_AUTOS = YES_AGGRESSIVE;
				GCC_WARN_UNUSED_FUNCTION = YES;
				GCC_WARN_UNUSED_VARIABLE = YES;
				IPHONEOS_DEPLOYMENT_TARGET = 16.0;
				MTL_ENABLE_DEBUG_INFO = INCLUDE_SOURCE;
				MTL_FAST_MATH = YES;
				ONLY_ACTIVE_ARCH = YES;
				SDKROOT = iphoneos;
				SWIFT_ACTIVE_COMPILATION_CONDITIONS = DEBUG;
				SWIFT_OPTIMIZATION_LEVEL = "-Onone";
			};
			name = Debug;
		};
		6D8E361829A37CB20057D45F /* Release */ = {
			isa = XCBuildConfiguration;
			buildSettings = {
				ALWAYS_SEARCH_USER_PATHS = NO;
				CLANG_ANALYZER_NONNULL = YES;
				CLANG_ANALYZER_NUMBER_OBJECT_CONVERSION = YES_AGGRESSIVE;
				CLANG_CXX_LANGUAGE_STANDARD = "gnu++20";
				CLANG_ENABLE_MODULES = YES;
				CLANG_ENABLE_OBJC_ARC = YES;
				CLANG_ENABLE_OBJC_WEAK = YES;
				CLANG_WARN_BLOCK_CAPTURE_AUTORELEASING = YES;
				CLANG_WARN_BOOL_CONVERSION = YES;
				CLANG_WARN_COMMA = YES;
				CLANG_WARN_CONSTANT_CONVERSION = YES;
				CLANG_WARN_DEPRECATED_OBJC_IMPLEMENTATIONS = YES;
				CLANG_WARN_DIRECT_OBJC_ISA_USAGE = YES_ERROR;
				CLANG_WARN_DOCUMENTATION_COMMENTS = YES;
				CLANG_WARN_EMPTY_BODY = YES;
				CLANG_WARN_ENUM_CONVERSION = YES;
				CLANG_WARN_INFINITE_RECURSION = YES;
				CLANG_WARN_INT_CONVERSION = YES;
				CLANG_WARN_NON_LITERAL_NULL_CONVERSION = YES;
				CLANG_WARN_OBJC_IMPLICIT_RETAIN_SELF = YES;
				CLANG_WARN_OBJC_LITERAL_CONVERSION = YES;
				CLANG_WARN_OBJC_ROOT_CLASS = YES_ERROR;
				CLANG_WARN_QUOTED_INCLUDE_IN_FRAMEWORK_HEADER = YES;
				CLANG_WARN_RANGE_LOOP_ANALYSIS = YES;
				CLANG_WARN_STRICT_PROTOTYPES = YES;
				CLANG_WARN_SUSPICIOUS_MOVE = YES;
				CLANG_WARN_UNGUARDED_AVAILABILITY = YES_AGGRESSIVE;
				CLANG_WARN_UNREACHABLE_CODE = YES;
				CLANG_WARN__DUPLICATE_METHOD_MATCH = YES;
				COPY_PHASE_STRIP = NO;
				DEBUG_INFORMATION_FORMAT = "dwarf-with-dsym";
				ENABLE_NS_ASSERTIONS = NO;
				ENABLE_STRICT_OBJC_MSGSEND = YES;
				GCC_C_LANGUAGE_STANDARD = gnu11;
				GCC_NO_COMMON_BLOCKS = YES;
				GCC_WARN_64_TO_32_BIT_CONVERSION = YES;
				GCC_WARN_ABOUT_RETURN_TYPE = YES_ERROR;
				GCC_WARN_UNDECLARED_SELECTOR = YES;
				GCC_WARN_UNINITIALIZED_AUTOS = YES_AGGRESSIVE;
				GCC_WARN_UNUSED_FUNCTION = YES;
				GCC_WARN_UNUSED_VARIABLE = YES;
				IPHONEOS_DEPLOYMENT_TARGET = 16.0;
				MTL_ENABLE_DEBUG_INFO = NO;
				MTL_FAST_MATH = YES;
				SDKROOT = iphoneos;
				SWIFT_COMPILATION_MODE = wholemodule;
				SWIFT_OPTIMIZATION_LEVEL = "-O";
				VALIDATE_PRODUCT = YES;
			};
			name = Release;
		};
		6D8E361A29A37CB20057D45F /* Debug */ = {
			isa = XCBuildConfiguration;
			buildSettings = {
				ASSETCATALOG_COMPILER_APPICON_NAME = AppIcon;
				ASSETCATALOG_COMPILER_GLOBAL_ACCENT_COLOR_NAME = AccentColor;
				CODE_SIGN_STYLE = Automatic;
				CURRENT_PROJECT_VERSION = 1;
				GENERATE_INFOPLIST_FILE = YES;
				INFOPLIST_FILE = "Git&githubDemo/Info.plist";
				INFOPLIST_KEY_UIApplicationSupportsIndirectInputEvents = YES;
				INFOPLIST_KEY_UILaunchStoryboardName = LaunchScreen;
				INFOPLIST_KEY_UIMainStoryboardFile = Main;
				INFOPLIST_KEY_UISupportedInterfaceOrientations_iPad = "UIInterfaceOrientationPortrait UIInterfaceOrientationPortraitUpsideDown UIInterfaceOrientationLandscapeLeft UIInterfaceOrientationLandscapeRight";
				INFOPLIST_KEY_UISupportedInterfaceOrientations_iPhone = "UIInterfaceOrientationPortrait UIInterfaceOrientationLandscapeLeft UIInterfaceOrientationLandscapeRight";
				LD_RUNPATH_SEARCH_PATHS = (
					"$(inherited)",
					"@executable_path/Frameworks",
				);
				MARKETING_VERSION = 1.0;
				PRODUCT_BUNDLE_IDENTIFIER = "com.Infoenum.SideMinu.Git-githubDemo";
				PRODUCT_NAME = "$(TARGET_NAME)";
				SWIFT_EMIT_LOC_STRINGS = YES;
				SWIFT_VERSION = 5.0;
				TARGETED_DEVICE_FAMILY = "1,2";
			};
			name = Debug;
		};
		6D8E361B29A37CB20057D45F /* Release */ = {
			isa = XCBuildConfiguration;
			buildSettings = {
				ASSETCATALOG_COMPILER_APPICON_NAME = AppIcon;
				ASSETCATALOG_COMPILER_GLOBAL_ACCENT_COLOR_NAME = AccentColor;
				CODE_SIGN_STYLE = Automatic;
				CURRENT_PROJECT_VERSION = 1;
				GENERATE_INFOPLIST_FILE = YES;
				INFOPLIST_FILE = "Git&githubDemo/Info.plist";
				INFOPLIST_KEY_UIApplicationSupportsIndirectInputEvents = YES;
				INFOPLIST_KEY_UILaunchStoryboardName = LaunchScreen;
				INFOPLIST_KEY_UIMainStoryboardFile = Main;
				INFOPLIST_KEY_UISupportedInterfaceOrientations_iPad = "UIInterfaceOrientationPortrait UIInterfaceOrientationPortraitUpsideDown UIInterfaceOrientationLandscapeLeft UIInterfaceOrientationLandscapeRight";
				INFOPLIST_KEY_UISupportedInterfaceOrientations_iPhone = "UIInterfaceOrientationPortrait UIInterfaceOrientationLandscapeLeft UIInterfaceOrientationLandscapeRight";
				LD_RUNPATH_SEARCH_PATHS = (
					"$(inherited)",
					"@executable_path/Frameworks",
				);
				MARKETING_VERSION = 1.0;
				PRODUCT_BUNDLE_IDENTIFIER = "com.Infoenum.SideMinu.Git-githubDemo";
				PRODUCT_NAME = "$(TARGET_NAME)";
				SWIFT_EMIT_LOC_STRINGS = YES;
				SWIFT_VERSION = 5.0;
				TARGETED_DEVICE_FAMILY = "1,2";
			};
			name = Release;
		};
		6D8E361D29A37CB20057D45F /* Debug */ = {
			isa = XCBuildConfiguration;
			buildSettings = {
				ALWAYS_EMBED_SWIFT_STANDARD_LIBRARIES = YES;
				BUNDLE_LOADER = "$(TEST_HOST)";
				CODE_SIGN_STYLE = Automatic;
				CURRENT_PROJECT_VERSION = 1;
				GENERATE_INFOPLIST_FILE = YES;
				IPHONEOS_DEPLOYMENT_TARGET = 16.0;
				MARKETING_VERSION = 1.0;
				PRODUCT_BUNDLE_IDENTIFIER = "com.Infoenum.SideMinu.Git-githubDemoTests";
				PRODUCT_NAME = "$(TARGET_NAME)";
				SWIFT_EMIT_LOC_STRINGS = NO;
				SWIFT_VERSION = 5.0;
				TARGETED_DEVICE_FAMILY = "1,2";
				TEST_HOST = "$(BUILT_PRODUCTS_DIR)/Git&githubDemo.app/$(BUNDLE_EXECUTABLE_FOLDER_PATH)/Git&githubDemo";
			};
			name = Debug;
		};
		6D8E361E29A37CB20057D45F /* Release */ = {
			isa = XCBuildConfiguration;
			buildSettings = {
				ALWAYS_EMBED_SWIFT_STANDARD_LIBRARIES = YES;
				BUNDLE_LOADER = "$(TEST_HOST)";
				CODE_SIGN_STYLE = Automatic;
				CURRENT_PROJECT_VERSION = 1;
				GENERATE_INFOPLIST_FILE = YES;
				IPHONEOS_DEPLOYMENT_TARGET = 16.0;
				MARKETING_VERSION = 1.0;
				PRODUCT_BUNDLE_IDENTIFIER = "com.Infoenum.SideMinu.Git-githubDemoTests";
				PRODUCT_NAME = "$(TARGET_NAME)";
				SWIFT_EMIT_LOC_STRINGS = NO;
				SWIFT_VERSION = 5.0;
				TARGETED_DEVICE_FAMILY = "1,2";
				TEST_HOST = "$(BUILT_PRODUCTS_DIR)/Git&githubDemo.app/$(BUNDLE_EXECUTABLE_FOLDER_PATH)/Git&githubDemo";
			};
			name = Release;
		};
		6D8E362029A37CB20057D45F /* Debug */ = {
			isa = XCBuildConfiguration;
			buildSettings = {
				ALWAYS_EMBED_SWIFT_STANDARD_LIBRARIES = YES;
				CODE_SIGN_STYLE = Automatic;
				CURRENT_PROJECT_VERSION = 1;
				GENERATE_INFOPLIST_FILE = YES;
				MARKETING_VERSION = 1.0;
				PRODUCT_BUNDLE_IDENTIFIER = "com.Infoenum.SideMinu.Git-githubDemoUITests";
				PRODUCT_NAME = "$(TARGET_NAME)";
				SWIFT_EMIT_LOC_STRINGS = NO;
				SWIFT_VERSION = 5.0;
				TARGETED_DEVICE_FAMILY = "1,2";
				TEST_TARGET_NAME = "Git&githubDemo";
			};
			name = Debug;
		};
		6D8E362129A37CB20057D45F /* Release */ = {
			isa = XCBuildConfiguration;
			buildSettings = {
				ALWAYS_EMBED_SWIFT_STANDARD_LIBRARIES = YES;
				CODE_SIGN_STYLE = Automatic;
				CURRENT_PROJECT_VERSION = 1;
				GENERATE_INFOPLIST_FILE = YES;
				MARKETING_VERSION = 1.0;
				PRODUCT_BUNDLE_IDENTIFIER = "com.Infoenum.SideMinu.Git-githubDemoUITests";
				PRODUCT_NAME = "$(TARGET_NAME)";
				SWIFT_EMIT_LOC_STRINGS = NO;
				SWIFT_VERSION = 5.0;
				TARGETED_DEVICE_FAMILY = "1,2";
				TEST_TARGET_NAME = "Git&githubDemo";
			};
			name = Release;
		};
/* End XCBuildConfiguration section */

/* Begin XCConfigurationList section */
		6D8E35EA29A37CB10057D45F /* Build configuration list for PBXProject "Git&githubDemo" */ = {
			isa = XCConfigurationList;
			buildConfigurations = (
				6D8E361729A37CB20057D45F /* Debug */,
				6D8E361829A37CB20057D45F /* Release */,
			);
			defaultConfigurationIsVisible = 0;
			defaultConfigurationName = Release;
		};
		6D8E361929A37CB20057D45F /* Build configuration list for PBXNativeTarget "Git&githubDemo" */ = {
			isa = XCConfigurationList;
			buildConfigurations = (
				6D8E361A29A37CB20057D45F /* Debug */,
				6D8E361B29A37CB20057D45F /* Release */,
			);
			defaultConfigurationIsVisible = 0;
			defaultConfigurationName = Release;
		};
		6D8E361C29A37CB20057D45F /* Build configuration list for PBXNativeTarget "Git&githubDemoTests" */ = {
			isa = XCConfigurationList;
			buildConfigurations = (
				6D8E361D29A37CB20057D45F /* Debug */,
				6D8E361E29A37CB20057D45F /* Release */,
			);
			defaultConfigurationIsVisible = 0;
			defaultConfigurationName = Release;
		};
		6D8E361F29A37CB20057D45F /* Build configuration list for PBXNativeTarget "Git&githubDemoUITests" */ = {
			isa = XCConfigurationList;
			buildConfigurations = (
				6D8E362029A37CB20057D45F /* Debug */,
				6D8E362129A37CB20057D45F /* Release */,
			);
			defaultConfigurationIsVisible = 0;
			defaultConfigurationName = Release;
		};
/* End XCConfigurationList section */
	};
	rootObject = 6D8E35E729A37CB10057D45F /* Project object */;
}
